
Microsoft Visual Studio Solution File, Format Version 12.00
# Visual Studio Version 16
VisualStudioVersion = 16.0.30611.23
MinimumVisualStudioVersion = 10.0.40219.1
Project("{FAE04EC0-301F-11D3-BF4B-00C04F79EFBC}") = "doNet5781_9050_6032", "doNet5781_9050_6032\doNet5781_9050_6032.csproj", "{9E4851A3-1578-4D86-B338-CBC25CAADA8B}"
EndProject
Project("{FAE04EC0-301F-11D3-BF4B-00C04F79EFBC}") = "targil1", "targil1\targil1.csproj", "{3EBCB77F-4BDA-42BA-B874-02FCDA76760C}"
EndProject
Project("{FAE04EC0-301F-11D3-BF4B-00C04F79EFBC}") = "targil2", "targil2\targil2.csproj", "{930260A1-0A00-41E1-BD89-39ED98956A30}"
EndProject
Project("{FAE04EC0-301F-11D3-BF4B-00C04F79EFBC}") = "targil3A", "targil3A\targil3A.csproj", "{7812F378-5AC4-4C9C-B580-DA51E1DC2926}"
EndProject
Project("{FAE04EC0-301F-11D3-BF4B-00C04F79EFBC}") = "targil3B", "targil3B\targil3B.csproj", "{05416135-8052-41B3-9E74-9353D0F5A9EA}"
EndProject
Project("{FAE04EC0-301F-11D3-BF4B-00C04F79EFBC}") = "DALAPI", "DALAPI\DALAPI.csproj", "{8E5BBA1E-9B08-4291-85D8-C1EF3BF10038}"
EndProject
Project("{FAE04EC0-301F-11D3-BF4B-00C04F79EFBC}") = "BL", "BL\BL.csproj", "{336B2958-0033-46B2-B6BF-E69C39E8C617}"
EndProject
Project("{FAE04EC0-301F-11D3-BF4B-00C04F79EFBC}") = "DLObject", "DALObject\DLObject.csproj", "{6E49F089-1B55-47B8-948E-625EA3DC1D78}"
EndProject
Project("{FAE04EC0-301F-11D3-BF4B-00C04F79EFBC}") = "DS", "DS\DS.csproj", "{C50366BC-FD9B-4192-AAD5-141C6C751677}"
EndProject
Project("{FAE04EC0-301F-11D3-BF4B-00C04F79EFBC}") = "PL_WPF", "PL_WPF\PL_WPF.csproj", "{BB29A9A8-DB6A-4EDD-8E6E-D661AF29CE1F}"
EndProject
Global
	GlobalSection(SolutionConfigurationPlatforms) = preSolution
		Debug|Any CPU = Debug|Any CPU
		Release|Any CPU = Release|Any CPU
	EndGlobalSection
	GlobalSection(ProjectConfigurationPlatforms) = postSolution
		{9E4851A3-1578-4D86-B338-CBC25CAADA8B}.Debug|Any CPU.ActiveCfg = Debug|Any CPU
		{9E4851A3-1578-4D86-B338-CBC25CAADA8B}.Debug|Any CPU.Build.0 = Debug|Any CPU
		{9E4851A3-1578-4D86-B338-CBC25CAADA8B}.Release|Any CPU.ActiveCfg = Release|Any CPU
		{9E4851A3-1578-4D86-B338-CBC25CAADA8B}.Release|Any CPU.Build.0 = Release|Any CPU
		{3EBCB77F-4BDA-42BA-B874-02FCDA76760C}.Debug|Any CPU.ActiveCfg = Debug|Any CPU
		{3EBCB77F-4BDA-42BA-B874-02FCDA76760C}.Debug|Any CPU.Build.0 = Debug|Any CPU
		{3EBCB77F-4BDA-42BA-B874-02FCDA76760C}.Release|Any CPU.ActiveCfg = Release|Any CPU
		{3EBCB77F-4BDA-42BA-B874-02FCDA76760C}.Release|Any CPU.Build.0 = Release|Any CPU
		{930260A1-0A00-41E1-BD89-39ED98956A30}.Debug|Any CPU.ActiveCfg = Debug|Any CPU
		{930260A1-0A00-41E1-BD89-39ED98956A30}.Debug|Any CPU.Build.0 = Debug|Any CPU
		{930260A1-0A00-41E1-BD89-39ED98956A30}.Release|Any CPU.ActiveCfg = Release|Any CPU
		{930260A1-0A00-41E1-BD89-39ED98956A30}.Release|Any CPU.Build.0 = Release|Any CPU
		{7812F378-5AC4-4C9C-B580-DA51E1DC2926}.Debug|Any CPU.ActiveCfg = Debug|Any CPU
		{7812F378-5AC4-4C9C-B580-DA51E1DC2926}.Debug|Any CPU.Build.0 = Debug|Any CPU
		{7812F378-5AC4-4C9C-B580-DA51E1DC2926}.Release|Any CPU.ActiveCfg = Release|Any CPU
		{7812F378-5AC4-4C9C-B580-DA51E1DC2926}.Release|Any CPU.Build.0 = Release|Any CPU
		{05416135-8052-41B3-9E74-9353D0F5A9EA}.Debug|Any CPU.ActiveCfg = Debug|Any CPU
		{05416135-8052-41B3-9E74-9353D0F5A9EA}.Debug|Any CPU.Build.0 = Debug|Any CPU
		{05416135-8052-41B3-9E74-9353D0F5A9EA}.Release|Any CPU.ActiveCfg = Release|Any CPU
		{05416135-8052-41B3-9E74-9353D0F5A9EA}.Release|Any CPU.Build.0 = Release|Any CPU
		{8E5BBA1E-9B08-4291-85D8-C1EF3BF10038}.Debug|Any CPU.ActiveCfg = Debug|Any CPU
		{8E5BBA1E-9B08-4291-85D8-C1EF3BF10038}.Debug|Any CPU.Build.0 = Debug|Any CPU
		{8E5BBA1E-9B08-4291-85D8-C1EF3BF10038}.Release|Any CPU.ActiveCfg = Release|Any CPU
		{8E5BBA1E-9B08-4291-85D8-C1EF3BF10038}.Release|Any CPU.Build.0 = Release|Any CPU
		{336B2958-0033-46B2-B6BF-E69C39E8C617}.Debug|Any CPU.ActiveCfg = Debug|Any CPU
		{336B2958-0033-46B2-B6BF-E69C39E8C617}.Debug|Any CPU.Build.0 = Debug|Any CPU
		{336B2958-0033-46B2-B6BF-E69C39E8C617}.Release|Any CPU.ActiveCfg = Release|Any CPU
		{336B2958-0033-46B2-B6BF-E69C39E8C617}.Release|Any CPU.Build.0 = Release|Any CPU
		{6E49F089-1B55-47B8-948E-625EA3DC1D78}.Debug|Any CPU.ActiveCfg = Debug|Any CPU
		{6E49F089-1B55-47B8-948E-625EA3DC1D78}.Debug|Any CPU.Build.0 = Debug|Any CPU
		{6E49F089-1B55-47B8-948E-625EA3DC1D78}.Release|Any CPU.ActiveCfg = Release|Any CPU
		{6E49F089-1B55-47B8-948E-625EA3DC1D78}.Release|Any CPU.Build.0 = Release|Any CPU
		{C50366BC-FD9B-4192-AAD5-141C6C751677}.Debug|Any CPU.ActiveCfg = Debug|Any CPU
		{C50366BC-FD9B-4192-AAD5-141C6C751677}.Debug|Any CPU.Build.0 = Debug|Any CPU
		{C50366BC-FD9B-4192-AAD5-141C6C751677}.Release|Any CPU.ActiveCfg = Release|Any CPU
		{C50366BC-FD9B-4192-AAD5-141C6C751677}.Release|Any CPU.Build.0 = Release|Any CPU
		{BB29A9A8-DB6A-4EDD-8E6E-D661AF29CE1F}.Debug|Any CPU.ActiveCfg = Debug|Any CPU
		{BB29A9A8-DB6A-4EDD-8E6E-D661AF29CE1F}.Debug|Any CPU.Build.0 = Debug|Any CPU
		{BB29A9A8-DB6A-4EDD-8E6E-D661AF29CE1F}.Release|Any CPU.ActiveCfg = Release|Any CPU
		{BB29A9A8-DB6A-4EDD-8E6E-D661AF29CE1F}.Release|Any CPU.Build.0 = Release|Any CPU
	EndGlobalSection
	GlobalSection(SolutionProperties) = preSolution
		HideSolutionNode = FALSE
	EndGlobalSection
	GlobalSection(ExtensibilityGlobals) = postSolution
		SolutionGuid = {2BC1D834-C1C6-49B0-A6FD-96DCC7738649}
	EndGlobalSection
EndGlobal
